
Microsoft Visual Studio Solution File, Format Version 12.00
# Visual Studio 15
VisualStudioVersion = 15.0.28307.168
MinimumVisualStudioVersion = 10.0.40219.1
Project("{FAE04EC0-301F-11D3-BF4B-00C04F79EFBC}") = "CiCd.ProjectAzure_Fina", "CiCd.ProjectAzure_Fina\CiCd.ProjectAzure_Fina.csproj", "{62576E45-C837-4662-B29F-AD26910EADAC}"
EndProject
Global
	GlobalSection(SolutionConfigurationPlatforms) = preSolution
		Debug|Any CPU = Debug|Any CPU
		Release|Any CPU = Release|Any CPU
	EndGlobalSection
	GlobalSection(ProjectConfigurationPlatforms) = postSolution
		{62576E45-C837-4662-B29F-AD26910EADAC}.Debug|Any CPU.ActiveCfg = Debug|Any CPU
		{62576E45-C837-4662-B29F-AD26910EADAC}.Debug|Any CPU.Build.0 = Debug|Any CPU
		{62576E45-C837-4662-B29F-AD26910EADAC}.Release|Any CPU.ActiveCfg = Release|Any CPU
		{62576E45-C837-4662-B29F-AD26910EADAC}.Release|Any CPU.Build.0 = Release|Any CPU
	EndGlobalSection
	GlobalSection(SolutionProperties) = preSolution
		HideSolutionNode = FALSE
	EndGlobalSection
	GlobalSection(ExtensibilityGlobals) = postSolution
		SolutionGuid = {823A261B-4CBF-4336-9599-02EBD49A2527}
	EndGlobalSection
EndGlobal
